Microsoft Visual Studio Solution File, Format Version 12.00
# Visual Studio 15
VisualStudioVersion = 15.0.26228.4
MinimumVisualStudioVersion = 10.0.40219.1
Project("{FAE04EC0-301F-11D3-BF4B-00C04F79EFBC}") = "CryptoBot.Utils", "CryptoBot.Utils\CryptoBot.Utils.csproj", "{C55C243D-A6DA-49F8-9075-FF8E4EE09D1C}"
EndProject
Project("{FAE04EC0-301F-11D3-BF4B-00C04F79EFBC}") = "CryptoBot.TickerServices", "CryptoBot.TickerServices\CryptoBot.TickerServices.csproj", "{1A70B806-4912-44EE-BACD-C0ACFB14025F}"
EndProject
Project("{FAE04EC0-301F-11D3-BF4B-00C04F79EFBC}") = "CryptoBot.Instrument", "CryptoBot.Instrument\CryptoBot.Instrument.csproj", "{D2C6D255-DABC-4CCD-9D1B-A93D1C0AD176}"
EndProject
Project("{FAE04EC0-301F-11D3-BF4B-00C04F79EFBC}") = "CryptoBot.ExchangeApi", "CryptoBot.ExchangeApi\CryptoBot.ExchangeApi.csproj", "{05C7B184-83F4-4C37-BFB9-3171D928DDCC}"
EndProject
Project("{FAE04EC0-301F-11D3-BF4B-00C04F79EFBC}") = "CryptoBot.Bots", "CryptoBot.Bots\CryptoBot.Bots.csproj", "{6E8A5D6D-7FC3-4E53-8A4C-26BF1537E405}"
EndProject
Project("{FAE04EC0-301F-11D3-BF4B-00C04F79EFBC}") = "CryptoBot", "CryptoBot\CryptoBot.csproj", "{244F1A97-85B2-4276-A0B2-214F91D3CA86}"
EndProject
Project("{FAE04EC0-301F-11D3-BF4B-00C04F79EFBC}") = "HistoricTradesDownloader", "HistoricTradesDownloader\HistoricTradesDownloader.csproj", "{7EDA585E-93A8-43C0-9991-36EDDF3AE65C}"
EndProject
Project("{FAE04EC0-301F-11D3-BF4B-00C04F79EFBC}") = "CryptoBot.Utils.UnitTests", "CryptoBot.Utils.UnitTests\CryptoBot.Utils.UnitTests.csproj", "{217A9DF6-3065-4D41-A2DB-ABF56A9EBCCC}"
EndProject
Global
	GlobalSection(SolutionConfigurationPlatforms) = preSolution
		Debug|Any CPU = Debug|Any CPU
		Release|Any CPU = Release|Any CPU
	EndGlobalSection
	GlobalSection(ProjectConfigurationPlatforms) = postSolution
		{C55C243D-A6DA-49F8-9075-FF8E4EE09D1C}.Debug|Any CPU.ActiveCfg = Debug|Any CPU
		{C55C243D-A6DA-49F8-9075-FF8E4EE09D1C}.Debug|Any CPU.Build.0 = Debug|Any CPU
		{C55C243D-A6DA-49F8-9075-FF8E4EE09D1C}.Release|Any CPU.ActiveCfg = Release|Any CPU
		{C55C243D-A6DA-49F8-9075-FF8E4EE09D1C}.Release|Any CPU.Build.0 = Release|Any CPU
		{1A70B806-4912-44EE-BACD-C0ACFB14025F}.Debug|Any CPU.ActiveCfg = Debug|Any CPU
		{1A70B806-4912-44EE-BACD-C0ACFB14025F}.Debug|Any CPU.Build.0 = Debug|Any CPU
		{1A70B806-4912-44EE-BACD-C0ACFB14025F}.Release|Any CPU.ActiveCfg = Release|Any CPU
		{1A70B806-4912-44EE-BACD-C0ACFB14025F}.Release|Any CPU.Build.0 = Release|Any CPU
		{D2C6D255-DABC-4CCD-9D1B-A93D1C0AD176}.Debug|Any CPU.ActiveCfg = Debug|Any CPU
		{D2C6D255-DABC-4CCD-9D1B-A93D1C0AD176}.Debug|Any CPU.Build.0 = Debug|Any CPU
		{D2C6D255-DABC-4CCD-9D1B-A93D1C0AD176}.Release|Any CPU.ActiveCfg = Release|Any CPU
		{D2C6D255-DABC-4CCD-9D1B-A93D1C0AD176}.Release|Any CPU.Build.0 = Release|Any CPU
		{05C7B184-83F4-4C37-BFB9-3171D928DDCC}.Debug|Any CPU.ActiveCfg = Debug|Any CPU
		{05C7B184-83F4-4C37-BFB9-3171D928DDCC}.Debug|Any CPU.Build.0 = Debug|Any CPU
		{05C7B184-83F4-4C37-BFB9-3171D928DDCC}.Release|Any CPU.ActiveCfg = Release|Any CPU
		{05C7B184-83F4-4C37-BFB9-3171D928DDCC}.Release|Any CPU.Build.0 = Release|Any CPU
		{6E8A5D6D-7FC3-4E53-8A4C-26BF1537E405}.Debug|Any CPU.ActiveCfg = Debug|Any CPU
		{6E8A5D6D-7FC3-4E53-8A4C-26BF1537E405}.Debug|Any CPU.Build.0 = Debug|Any CPU
		{6E8A5D6D-7FC3-4E53-8A4C-26BF1537E405}.Release|Any CPU.ActiveCfg = Release|Any CPU
		{6E8A5D6D-7FC3-4E53-8A4C-26BF1537E405}.Release|Any CPU.Build.0 = Release|Any CPU
		{244F1A97-85B2-4276-A0B2-214F91D3CA86}.Debug|Any CPU.ActiveCfg = Debug|Any CPU
		{244F1A97-85B2-4276-A0B2-214F91D3CA86}.Debug|Any CPU.Build.0 = Debug|Any CPU
		{244F1A97-85B2-4276-A0B2-214F91D3CA86}.Release|Any CPU.ActiveCfg = Release|Any CPU
		{244F1A97-85B2-4276-A0B2-214F91D3CA86}.Release|Any CPU.Build.0 = Release|Any CPU
		{7EDA585E-93A8-43C0-9991-36EDDF3AE65C}.Debug|Any CPU.ActiveCfg = Debug|Any CPU
		{7EDA585E-93A8-43C0-9991-36EDDF3AE65C}.Debug|Any CPU.Build.0 = Debug|Any CPU
		{7EDA585E-93A8-43C0-9991-36EDDF3AE65C}.Release|Any CPU.ActiveCfg = Release|Any CPU
		{7EDA585E-93A8-43C0-9991-36EDDF3AE65C}.Release|Any CPU.Build.0 = Release|Any CPU
		{217A9DF6-3065-4D41-A2DB-ABF56A9EBCCC}.Debug|Any CPU.ActiveCfg = Debug|Any CPU
		{217A9DF6-3065-4D41-A2DB-ABF56A9EBCCC}.Debug|Any CPU.Build.0 = Debug|Any CPU
		{217A9DF6-3065-4D41-A2DB-ABF56A9EBCCC}.Release|Any CPU.ActiveCfg = Release|Any CPU
		{217A9DF6-3065-4D41-A2DB-ABF56A9EBCCC}.Release|Any CPU.Build.0 = Release|Any CPU
	EndGlobalSection
	GlobalSection(SolutionProperties) = preSolution
		HideSolutionNode = FALSE
	EndGlobalSection
EndGlobal
