Microsoft Visual Studio Solution File, Format Version 12.00
# Visual Studio 15
VisualStudioVersion = 15.0.26228.4
MinimumVisualStudioVersion = 10.0.40219.1
Project("{FAE04EC0-301F-11D3-BF4B-00C04F79EFBC}") = "CryptoBot", "CryptoBot\CryptoBot.csproj", "{71BB8ADE-B595-404A-BDC1-40100E388FA3}"
EndProject
Project("{FAE04EC0-301F-11D3-BF4B-00C04F79EFBC}") = "CryptoBot.Utils", "CryptoBot.Utils\CryptoBot.Utils.csproj", "{738CA403-CDA5-4ECA-B7B2-2B0911E162BE}"
EndProject
Project("{FAE04EC0-301F-11D3-BF4B-00C04F79EFBC}") = "CryptoBot.TickerServices", "CryptoBot.TickerServices\CryptoBot.TickerServices.csproj", "{6D5805B2-C342-4EBC-9CD7-B549295C7959}"
EndProject
Project("{FAE04EC0-301F-11D3-BF4B-00C04F79EFBC}") = "CryptoBot.Bots", "CryptoBot.Bots\CryptoBot.Bots.csproj", "{7FD56C51-CD2B-4E98-A431-14F819370CEB}"
EndProject
Project("{FAE04EC0-301F-11D3-BF4B-00C04F79EFBC}") = "CryptoBot.Instrument", "CryptoBot.Instrument\CryptoBot.Instrument.csproj", "{1CB2888E-C389-4A9B-84C1-4CB249B379FE}"
EndProject
Global
	GlobalSection(SolutionConfigurationPlatforms) = preSolution
		Debug|Any CPU = Debug|Any CPU
		Release|Any CPU = Release|Any CPU
	EndGlobalSection
	GlobalSection(ProjectConfigurationPlatforms) = postSolution
		{71BB8ADE-B595-404A-BDC1-40100E388FA3}.Debug|Any CPU.ActiveCfg = Debug|Any CPU
		{71BB8ADE-B595-404A-BDC1-40100E388FA3}.Debug|Any CPU.Build.0 = Debug|Any CPU
		{71BB8ADE-B595-404A-BDC1-40100E388FA3}.Release|Any CPU.ActiveCfg = Release|Any CPU
		{71BB8ADE-B595-404A-BDC1-40100E388FA3}.Release|Any CPU.Build.0 = Release|Any CPU
		{738CA403-CDA5-4ECA-B7B2-2B0911E162BE}.Debug|Any CPU.ActiveCfg = Debug|Any CPU
		{738CA403-CDA5-4ECA-B7B2-2B0911E162BE}.Debug|Any CPU.Build.0 = Debug|Any CPU
		{738CA403-CDA5-4ECA-B7B2-2B0911E162BE}.Release|Any CPU.ActiveCfg = Release|Any CPU
		{738CA403-CDA5-4ECA-B7B2-2B0911E162BE}.Release|Any CPU.Build.0 = Release|Any CPU
		{6D5805B2-C342-4EBC-9CD7-B549295C7959}.Debug|Any CPU.ActiveCfg = Debug|Any CPU
		{6D5805B2-C342-4EBC-9CD7-B549295C7959}.Debug|Any CPU.Build.0 = Debug|Any CPU
		{6D5805B2-C342-4EBC-9CD7-B549295C7959}.Release|Any CPU.ActiveCfg = Release|Any CPU
		{6D5805B2-C342-4EBC-9CD7-B549295C7959}.Release|Any CPU.Build.0 = Release|Any CPU
		{7FD56C51-CD2B-4E98-A431-14F819370CEB}.Debug|Any CPU.ActiveCfg = Debug|Any CPU
		{7FD56C51-CD2B-4E98-A431-14F819370CEB}.Debug|Any CPU.Build.0 = Debug|Any CPU
		{7FD56C51-CD2B-4E98-A431-14F819370CEB}.Release|Any CPU.ActiveCfg = Release|Any CPU
		{7FD56C51-CD2B-4E98-A431-14F819370CEB}.Release|Any CPU.Build.0 = Release|Any CPU
		{1CB2888E-C389-4A9B-84C1-4CB249B379FE}.Debug|Any CPU.ActiveCfg = Debug|Any CPU
		{1CB2888E-C389-4A9B-84C1-4CB249B379FE}.Debug|Any CPU.Build.0 = Debug|Any CPU
		{1CB2888E-C389-4A9B-84C1-4CB249B379FE}.Release|Any CPU.ActiveCfg = Release|Any CPU
		{1CB2888E-C389-4A9B-84C1-4CB249B379FE}.Release|Any CPU.Build.0 = Release|Any CPU
	EndGlobalSection
	GlobalSection(SolutionProperties) = preSolution
		HideSolutionNode = FALSE
	EndGlobalSection
EndGlobal
